<?xml version="1.0" encoding="utf-8"?>
<Project ToolsVersion="4.0" xmlns="http://schemas.microsoft.com/developer/msbuild/2003">
  <ItemGroup>
    <Filter Include="Source Files">
      <UniqueIdentifier>{4FC737F1-C7A5-4376-A066-2A32D752A2FF}</UniqueIdentifier>
      <Extensions>cpp;c;cc;cxx;def;odl;idl;hpj;bat;asm;asmx</Extensions>
    </Filter>
    <Filter Include="Header Files">
      <UniqueIdentifier>{93995380-89BD-4b04-88EB-625FBE52EBFB}</UniqueIdentifier>
      <Extensions>h;hh;hpp;hxx;hm;inl;inc;xsd</Extensions>
    </Filter>
    <Filter Include="Resource Files">
      <UniqueIdentifier>{67DA6AB6-F800-4c08-8B7A-83BB121AAD01}</UniqueIdentifier>
      <Extensions>rc;ico;cur;bmp;dlg;rc2;rct;bin;rgs;gif;jpg;jpeg;jpe;resx;tiff;tif;png;wav</Extensions>
    </Filter>
    <Filter Include="Shader Source Files">
      <UniqueIdentifier>{89a95914-b0ad-4ad4-81bf-fd778512790e}</UniqueIdentifier>
    </Filter>
    <Filter Include="Geometry">
      <UniqueIdentifier>{715ade26-09a2-4087-8118-926565ba9b1f}</UniqueIdentifier>
    </Filter>
  </ItemGroup>
  <ItemGroup>
    <ClCompile Include="src\main.cpp">
      <Filter>Source Files</Filter>
    </ClCompile>
    <ClCompile Include="src\HelloTriangleApplication.cpp">
      <Filter>Source Files</Filter>
    </ClCompile>
    <ClCompile Include="src\Utility.cpp">
      <Filter>Source Files</Filter>
    </ClCompile>
    <ClCompile Include="src\geometry\G_Vertex.cpp">
      <Filter>Geometry</Filter>
    </ClCompile>
  </ItemGroup>
  <ItemGroup>
    <ClInclude Include="inc\HelloTriangleApplication.h">
      <Filter>Header Files</Filter>
    </ClInclude>
    <ClInclude Include="inc\Utility.h">
      <Filter>Header Files</Filter>
    </ClInclude>
    <ClInclude Include="src\geometry\G_Vertex.h">
      <Filter>Geometry</Filter>
    </ClInclude>
    <ClInclude Include="src\geometry\BasicSceneDescriptor.h">
      <Filter>Geometry</Filter>
    </ClInclude>
  </ItemGroup>
  <ItemGroup>
    <None Include="shader_src\hello_triangle.frag">
      <Filter>Shader Source Files</Filter>
    </None>
    <None Include="shader_src\hello_triangle.vert">
      <Filter>Shader Source Files</Filter>
    </None>
    <None Include="shader_src\basic_shading.frag">
      <Filter>Shader Source Files</Filter>
    </None>
    <None Include="shader_src\basic_shading.vert">
      <Filter>Shader Source Files</Filter>
    </None>
  </ItemGroup>
</Project>